<?xml version="1.0" encoding="utf-8"?>
<Project ToolsVersion="4.0" xmlns="http://schemas.microsoft.com/developer/msbuild/2003">
  <ItemGroup>
    <Filter Include="Source Files">
      <UniqueIdentifier>{4FC737F1-C7A5-4376-A066-2A32D752A2FF}</UniqueIdentifier>
      <Extensions>cpp;c;cc;cxx;def;odl;idl;hpj;bat;asm;asmx</Extensions>
    </Filter>
    <Filter Include="Header Files">
      <UniqueIdentifier>{93995380-89BD-4b04-88EB-625FBE52EBFB}</UniqueIdentifier>
      <Extensions>h;hh;hpp;hxx;hm;inl;inc;ipp;xsd</Extensions>
    </Filter>
    <Filter Include="Resource Files">
      <UniqueIdentifier>{67DA6AB6-F800-4c08-8B7A-83BB121AAD01}</UniqueIdentifier>
      <Extensions>rc;ico;cur;bmp;dlg;rc2;rct;bin;rgs;gif;jpg;jpeg;jpe;resx;tiff;tif;png;wav;mfcribbon-ms</Extensions>
    </Filter>
  </ItemGroup>
  <ItemGroup>
    <ClCompile Include="MyForm.cpp">
      <Filter>Source Files</Filter>
    </ClCompile>
    <ClCompile Include="gestorArchivos.cpp">
      <Filter>Source Files</Filter>
    </ClCompile>
    <ClCompile Include="GrabarEstudiante.cpp">
      <Filter>Source Files</Filter>
    </ClCompile>
    <ClCompile Include="SICUEForm.cpp">
      <Filter>Source Files</Filter>
    </ClCompile>
    <ClCompile Include="addUnivForm.cpp">
      <Filter>Source Files</Filter>
    </ClCompile>
    <ClCompile Include="InformationDialog.cpp">
      <Filter>Source Files</Filter>
    </ClCompile>
    <ClCompile Include="addTypeOf.cpp">
      <Filter>Source Files</Filter>
    </ClCompile>
    <ClCompile Include="addStudiesForm.cpp">
      <Filter>Source Files</Filter>
    </ClCompile>
    <ClCompile Include="addCentre.cpp">
      <Filter>Source Files</Filter>
    </ClCompile>
    <ClCompile Include="addCiclo.cpp">
      <Filter>Source Files</Filter>
    </ClCompile>
    <ClCompile Include="addRama.cpp">
      <Filter>Source Files</Filter>
    </ClCompile>
    <ClCompile Include="warningBooleanDialog.cpp">
      <Filter>Source Files</Filter>
    </ClCompile>
    <ClCompile Include="errorDialog.cpp">
      <Filter>Source Files</Filter>
    </ClCompile>
    <ClCompile Include="GrabarSolicitud.cpp">
      <Filter>Source Files</Filter>
    </ClCompile>
    <ClCompile Include="ConsultaForm.cpp">
      <Filter>Source Files</Filter>
    </ClCompile>
    <ClCompile Include="modificarElem.cpp">
      <Filter>Source Files</Filter>
    </ClCompile>
    <ClCompile Include="eliminaElemForm.cpp">
      <Filter>Source Files</Filter>
    </ClCompile>
    <ClCompile Include="CoincidenciasForm.cpp">
      <Filter>Source Files</Filter>
    </ClCompile>
    <ClCompile Include="GrabarResolucion.cpp">
      <Filter>Source Files</Filter>
    </ClCompile>
    <ClCompile Include="TablaEstud.cpp">
      <Filter>Source Files</Filter>
    </ClCompile>
  </ItemGroup>
  <ItemGroup>
    <ClInclude Include="MyForm.h">
      <Filter>Header Files</Filter>
    </ClInclude>
    <ClInclude Include="Cifr.h">
      <Filter>Header Files</Filter>
    </ClInclude>
    <ClInclude Include="Conjunto.h">
      <Filter>Header Files</Filter>
    </ClInclude>
    <ClInclude Include="gestorArchivos.h">
      <Filter>Header Files</Filter>
    </ClInclude>
    <ClInclude Include="Fecha.h">
      <Filter>Header Files</Filter>
    </ClInclude>
    <ClInclude Include="Tabla.h">
      <Filter>Header Files</Filter>
    </ClInclude>
    <ClInclude Include="TablaCifr.h">
      <Filter>Header Files</Filter>
    </ClInclude>
    <ClInclude Include="TAsignaturas.h">
      <Filter>Header Files</Filter>
    </ClInclude>
    <ClInclude Include="TEstudios.h">
      <Filter>Header Files</Filter>
    </ClInclude>
    <ClInclude Include="TCentros.h">
      <Filter>Header Files</Filter>
    </ClInclude>
    <ClInclude Include="TEstudiantes.h">
      <Filter>Header Files</Filter>
    </ClInclude>
    <ClInclude Include="TResoluciones.h">
      <Filter>Header Files</Filter>
    </ClInclude>
    <ClInclude Include="TSolicitudes.h">
      <Filter>Header Files</Filter>
    </ClInclude>
    <ClInclude Include="BaseDatos.h">
      <Filter>Header Files</Filter>
    </ClInclude>
    <ClInclude Include="GrabarEstudiante.h">
      <Filter>Header Files</Filter>
    </ClInclude>
    <ClInclude Include="TSICUE.h">
      <Filter>Header Files</Filter>
    </ClInclude>
    <ClInclude Include="SICUEForm.h">
      <Filter>Header Files</Filter>
    </ClInclude>
    <ClInclude Include="addUnivForm.h">
      <Filter>Header Files</Filter>
    </ClInclude>
    <ClInclude Include="InformationDialog.h">
      <Filter>Header Files</Filter>
    </ClInclude>
    <ClInclude Include="addTypeOf.h">
      <Filter>Header Files</Filter>
    </ClInclude>
    <ClInclude Include="addStudiesForm.h">
      <Filter>Header Files</Filter>
    </ClInclude>
    <ClInclude Include="addCentre.h">
      <Filter>Header Files</Filter>
    </ClInclude>
    <ClInclude Include="addCiclo.h">
      <Filter>Header Files</Filter>
    </ClInclude>
    <ClInclude Include="addRama.h">
      <Filter>Header Files</Filter>
    </ClInclude>
    <ClInclude Include="warningBooleanDialog.h">
      <Filter>Header Files</Filter>
    </ClInclude>
    <ClInclude Include="errorDialog.h">
      <Filter>Header Files</Filter>
    </ClInclude>
    <ClInclude Include="GrabarSolicitud.h">
      <Filter>Header Files</Filter>
    </ClInclude>
    <ClInclude Include="ConsultaForm.h">
      <Filter>Header Files</Filter>
    </ClInclude>
    <ClInclude Include="modificarElem.h">
      <Filter>Header Files</Filter>
    </ClInclude>
    <ClInclude Include="eliminaElemForm.h">
      <Filter>Header Files</Filter>
    </ClInclude>
    <ClInclude Include="CoincidenciasForm.h">
      <Filter>Header Files</Filter>
    </ClInclude>
    <ClInclude Include="GrabarResolucion.h">
      <Filter>Header Files</Filter>
    </ClInclude>
    <ClInclude Include="TablaEstud.h">
      <Filter>Header Files</Filter>
    </ClInclude>
  </ItemGroup>
  <ItemGroup>
    <EmbeddedResource Include="MyForm.es.resx">
      <Filter>Resource Files</Filter>
    </EmbeddedResource>
    <EmbeddedResource Include="MyForm.resx">
      <Filter>Resource Files</Filter>
    </EmbeddedResource>
    <EmbeddedResource Include="MyForm.en.resx">
      <Filter>Resource Files</Filter>
    </EmbeddedResource>
    <EmbeddedResource Include="GrabarEstudiante.resx">
      <Filter>Resource Files</Filter>
    </EmbeddedResource>
    <EmbeddedResource Include="SICUEForm.resx">
      <Filter>Resource Files</Filter>
    </EmbeddedResource>
    <EmbeddedResource Include="addUnivForm.resx">
      <Filter>Resource Files</Filter>
    </EmbeddedResource>
    <EmbeddedResource Include="InformationDialog.resx">
      <Filter>Resource Files</Filter>
    </EmbeddedResource>
    <EmbeddedResource Include="addTypeOf.resx">
      <Filter>Resource Files</Filter>
    </EmbeddedResource>
    <EmbeddedResource Include="addStudiesForm.resx">
      <Filter>Resource Files</Filter>
    </EmbeddedResource>
    <EmbeddedResource Include="addCentre.resx">
      <Filter>Resource Files</Filter>
    </EmbeddedResource>
    <EmbeddedResource Include="addCiclo.resx">
      <Filter>Resource Files</Filter>
    </EmbeddedResource>
    <EmbeddedResource Include="addRama.resx">
      <Filter>Resource Files</Filter>
    </EmbeddedResource>
    <EmbeddedResource Include="errorDialog.resx">
      <Filter>Resource Files</Filter>
    </EmbeddedResource>
    <EmbeddedResource Include="warningBooleanDialog.resx">
      <Filter>Resource Files</Filter>
    </EmbeddedResource>
    <EmbeddedResource Include="GrabarSolicitud.resx">
      <Filter>Resource Files</Filter>
    </EmbeddedResource>
    <EmbeddedResource Include="ConsultaForm.resx">
      <Filter>Resource Files</Filter>
    </EmbeddedResource>
    <EmbeddedResource Include="modificarElem.resx">
      <Filter>Resource Files</Filter>
    </EmbeddedResource>
    <EmbeddedResource Include="eliminaElemForm.resx">
      <Filter>Resource Files</Filter>
    </EmbeddedResource>
    <EmbeddedResource Include="CoincidenciasForm.resx">
      <Filter>Resource Files</Filter>
    </EmbeddedResource>
    <EmbeddedResource Include="GrabarResolucion.resx">
      <Filter>Resource Files</Filter>
    </EmbeddedResource>
    <EmbeddedResource Include="TablaEstud.resx">
      <Filter>Resource Files</Filter>
    </EmbeddedResource>
  </ItemGroup>
  <ItemGroup>
    <None Include="cifr.cifrex" />
    <None Include="cifr_cp.cifrex" />
    <None Include="sec_cp.cifrex" />
    <None Include="asig.rasr" />
    <None Include="centros.rasr" />
    <None Include="ciclos.rasr" />
    <None Include="doc.rasr" />
    <None Include="estud.rasr" />
    <None Include="estud_seccp.rasr" />
    <None Include="estudcp.rasr" />
    <None Include="estudios.rasr" />
    <None Include="ramas.rasr" />
    <None Include="recur.rasr" />
    <None Include="resol.rasr" />
    <None Include="resol_cp.rasr" />
    <None Include="resol_seccp.rasr" />
    <None Include="solic.rasr" />
    <None Include="solic_cp.rasr" />
    <None Include="solic_seccp.rasr" />
    <None Include="typeres.rasr" />
    <None Include="typesol.rasr" />
    <None Include="univ.rasr" />
    <None Include="sicue.rasr" />
    <None Include="sicuecp.rasr" />
    <None Include="sicue_seccp.rasr" />
    <None Include="provin.rasr" />
  </ItemGroup>
</Project>